// !$*UTF8*$!
{
	archiveVersion = 1;
	classes = {
	};
	objectVersion = 48;
	objects = {

/* Begin PBXBuildFile section */
		194A58A02031BD6F00BB3F20 /* ChatSendVC.swift in Sources */ = {isa = PBXBuildFile; fileRef = 194A589F2031BD6F00BB3F20 /* ChatSendVC.swift */; };
		194A58A22031C83000BB3F20 /* FileHelper.swift in Sources */ = {isa = PBXBuildFile; fileRef = 194A58A12031C83000BB3F20 /* FileHelper.swift */; };
		19CA61A12019E29C0041A88E /* TransparentSearchBar.swift in Sources */ = {isa = PBXBuildFile; fileRef = 19CA61A02019E29C0041A88E /* TransparentSearchBar.swift */; };
		19CA61A52019E57E0041A88E /* ChatUserCell.swift in Sources */ = {isa = PBXBuildFile; fileRef = 19CA61A32019E57E0041A88E /* ChatUserCell.swift */; };
		19CA61A62019E57E0041A88E /* ChatUserCell.xib in Resources */ = {isa = PBXBuildFile; fileRef = 19CA61A42019E57E0041A88E /* ChatUserCell.xib */; };
		19CA61AA2019E7740041A88E /* ReusableView.swift in Sources */ = {isa = PBXBuildFile; fileRef = 19CA61A92019E7740041A88E /* ReusableView.swift */; };
		19CA61AE2019EC820041A88E /* RoundImageView.swift in Sources */ = {isa = PBXBuildFile; fileRef = 19CA61AD2019EC820041A88E /* RoundImageView.swift */; };
		19CA61B2201A06B60041A88E /* UIImage+Resize.swift in Sources */ = {isa = PBXBuildFile; fileRef = 19CA61B1201A06B50041A88E /* UIImage+Resize.swift */; };
		19CA61B4201A086A0041A88E /* ChatUser.swift in Sources */ = {isa = PBXBuildFile; fileRef = 19CA61B3201A086A0041A88E /* ChatUser.swift */; };
		19CA61B6201A0DD80041A88E /* ChatRegisterVC.swift in Sources */ = {isa = PBXBuildFile; fileRef = 19CA61B5201A0DD80041A88E /* ChatRegisterVC.swift */; };
		19CA61B8201A205B0041A88E /* FirebaseDataParser.swift in Sources */ = {isa = PBXBuildFile; fileRef = 19CA61B7201A205B0041A88E /* FirebaseDataParser.swift */; };
		19CA61BA201A372F0041A88E /* UIViewController+Navigation.swift in Sources */ = {isa = PBXBuildFile; fileRef = 19CA61B9201A372F0041A88E /* UIViewController+Navigation.swift */; };
		19CCE88720192ACA00497584 /* GoogleService-Info.plist in Resources */ = {isa = PBXBuildFile; fileRef = 19CCE88620192ACA00497584 /* GoogleService-Info.plist */; };
		19CCE88920192C5C00497584 /* ChatStoryboard.storyboard in Resources */ = {isa = PBXBuildFile; fileRef = 19CCE88820192C5C00497584 /* ChatStoryboard.storyboard */; };
		19CCE88D2019308D00497584 /* ChatLoginVC.swift in Sources */ = {isa = PBXBuildFile; fileRef = 19CCE88C2019308D00497584 /* ChatLoginVC.swift */; };
		19CCE88F2019341700497584 /* RoundView.swift in Sources */ = {isa = PBXBuildFile; fileRef = 19CCE88E2019341700497584 /* RoundView.swift */; };
		19CCE891201935D500497584 /* RoundTextField.swift in Sources */ = {isa = PBXBuildFile; fileRef = 19CCE890201935D500497584 /* RoundTextField.swift */; };
		19CCE89320193B7100497584 /* AuthService.swift in Sources */ = {isa = PBXBuildFile; fileRef = 19CCE89220193B7100497584 /* AuthService.swift */; };
		19CCE89520193D1C00497584 /* ChatHomeVC.swift in Sources */ = {isa = PBXBuildFile; fileRef = 19CCE89420193D1C00497584 /* ChatHomeVC.swift */; };
		19CCE898201946AC00497584 /* UIViewController+Alert.swift in Sources */ = {isa = PBXBuildFile; fileRef = 19CCE897201946AC00497584 /* UIViewController+Alert.swift */; };
		19CCE89A2019D73000497584 /* DataService.swift in Sources */ = {isa = PBXBuildFile; fileRef = 19CCE8992019D73000497584 /* DataService.swift */; };
		19CEA857201F7B8F000D4985 /* LoadingViewController.swift in Sources */ = {isa = PBXBuildFile; fileRef = 19CEA856201F7B8F000D4985 /* LoadingViewController.swift */; };
		19CEA859201F7BF7000D4985 /* UIViewController+Child.swift in Sources */ = {isa = PBXBuildFile; fileRef = 19CEA858201F7BF7000D4985 /* UIViewController+Child.swift */; };
		19DB53E6201087FC00CE6915 /* AppDelegate.swift in Sources */ = {isa = PBXBuildFile; fileRef = 19DB53E5201087FC00CE6915 /* AppDelegate.swift */; };
		19DB53ED201087FC00CE6915 /* Assets.xcassets in Resources */ = {isa = PBXBuildFile; fileRef = 19DB53EC201087FC00CE6915 /* Assets.xcassets */; };
		19DB53F0201087FC00CE6915 /* LaunchScreen.storyboard in Resources */ = {isa = PBXBuildFile; fileRef = 19DB53EE201087FC00CE6915 /* LaunchScreen.storyboard */; };
		19DB53F92010971F00CE6915 /* PermanentMarker-Regular.ttf in Resources */ = {isa = PBXBuildFile; fileRef = 19DB53F82010971F00CE6915 /* PermanentMarker-Regular.ttf */; };
		D188B2C6A2F22F2FC19FE507 /* Pods_SwiftHelp.framework in Frameworks */ = {isa = PBXBuildFile; fileRef = C917CDA233DADB6908343BFE /* Pods_SwiftHelp.framework */; };
		F094E85D201FEFE40055D9D1 /* ViewAnimator.swift in Sources */ = {isa = PBXBuildFile; fileRef = F094E85C201FEFE40055D9D1 /* ViewAnimator.swift */; };
		F094E85F201FF9FB0055D9D1 /* ViewMask.swift in Sources */ = {isa = PBXBuildFile; fileRef = F094E85E201FF9FB0055D9D1 /* ViewMask.swift */; };
/* End PBXBuildFile section */

/* Begin PBXFileReference section */
		109695181D8770DB413B0C0E /* Pods-SwiftHelp.debug.xcconfig */ = {isa = PBXFileReference; includeInIndex = 1; lastKnownFileType = text.xcconfig; name = "Pods-SwiftHelp.debug.xcconfig"; path = "Pods/Target Support Files/Pods-SwiftHelp/Pods-SwiftHelp.debug.xcconfig"; sourceTree = "<group>"; };
		194A589F2031BD6F00BB3F20 /* ChatSendVC.swift */ = {isa = PBXFileReference; lastKnownFileType = sourcecode.swift; path = ChatSendVC.swift; sourceTree = "<group>"; };
		194A58A12031C83000BB3F20 /* FileHelper.swift */ = {isa = PBXFileReference; lastKnownFileType = sourcecode.swift; path = FileHelper.swift; sourceTree = "<group>"; };
		19CA61A02019E29C0041A88E /* TransparentSearchBar.swift */ = {isa = PBXFileReference; lastKnownFileType = sourcecode.swift; path = TransparentSearchBar.swift; sourceTree = "<group>"; };
		19CA61A32019E57E0041A88E /* ChatUserCell.swift */ = {isa = PBXFileReference; lastKnownFileType = sourcecode.swift; path = ChatUserCell.swift; sourceTree = "<group>"; };
		19CA61A42019E57E0041A88E /* ChatUserCell.xib */ = {isa = PBXFileReference; lastKnownFileType = file.xib; path = ChatUserCell.xib; sourceTree = "<group>"; };
		19CA61A92019E7740041A88E /* ReusableView.swift */ = {isa = PBXFileReference; lastKnownFileType = sourcecode.swift; path = ReusableView.swift; sourceTree = "<group>"; };
		19CA61AD2019EC820041A88E /* RoundImageView.swift */ = {isa = PBXFileReference; lastKnownFileType = sourcecode.swift; path = RoundImageView.swift; sourceTree = "<group>"; };
		19CA61B1201A06B50041A88E /* UIImage+Resize.swift */ = {isa = PBXFileReference; lastKnownFileType = sourcecode.swift; path = "UIImage+Resize.swift"; sourceTree = "<group>"; };
		19CA61B3201A086A0041A88E /* ChatUser.swift */ = {isa = PBXFileReference; lastKnownFileType = sourcecode.swift; path = ChatUser.swift; sourceTree = "<group>"; };
		19CA61B5201A0DD80041A88E /* ChatRegisterVC.swift */ = {isa = PBXFileReference; lastKnownFileType = sourcecode.swift; path = ChatRegisterVC.swift; sourceTree = "<group>"; };
		19CA61B7201A205B0041A88E /* FirebaseDataParser.swift */ = {isa = PBXFileReference; lastKnownFileType = sourcecode.swift; path = FirebaseDataParser.swift; sourceTree = "<group>"; };
		19CA61B9201A372F0041A88E /* UIViewController+Navigation.swift */ = {isa = PBXFileReference; lastKnownFileType = sourcecode.swift; path = "UIViewController+Navigation.swift"; sourceTree = "<group>"; };
		19CCE88620192ACA00497584 /* GoogleService-Info.plist */ = {isa = PBXFileReference; fileEncoding = 4; lastKnownFileType = text.plist.xml; path = "GoogleService-Info.plist"; sourceTree = "<group>"; };
		19CCE88820192C5C00497584 /* ChatStoryboard.storyboard */ = {isa = PBXFileReference; lastKnownFileType = file.storyboard; path = ChatStoryboard.storyboard; sourceTree = "<group>"; };
		19CCE88C2019308D00497584 /* ChatLoginVC.swift */ = {isa = PBXFileReference; lastKnownFileType = sourcecode.swift; path = ChatLoginVC.swift; sourceTree = "<group>"; };
		19CCE88E2019341700497584 /* RoundView.swift */ = {isa = PBXFileReference; lastKnownFileType = sourcecode.swift; path = RoundView.swift; sourceTree = "<group>"; };
		19CCE890201935D500497584 /* RoundTextField.swift */ = {isa = PBXFileReference; lastKnownFileType = sourcecode.swift; path = RoundTextField.swift; sourceTree = "<group>"; };
		19CCE89220193B7100497584 /* AuthService.swift */ = {isa = PBXFileReference; lastKnownFileType = sourcecode.swift; path = AuthService.swift; sourceTree = "<group>"; };
		19CCE89420193D1C00497584 /* ChatHomeVC.swift */ = {isa = PBXFileReference; lastKnownFileType = sourcecode.swift; path = ChatHomeVC.swift; sourceTree = "<group>"; };
		19CCE897201946AC00497584 /* UIViewController+Alert.swift */ = {isa = PBXFileReference; lastKnownFileType = sourcecode.swift; path = "UIViewController+Alert.swift"; sourceTree = "<group>"; };
		19CCE8992019D73000497584 /* DataService.swift */ = {isa = PBXFileReference; lastKnownFileType = sourcecode.swift; path = DataService.swift; sourceTree = "<group>"; };
		19CEA856201F7B8F000D4985 /* LoadingViewController.swift */ = {isa = PBXFileReference; lastKnownFileType = sourcecode.swift; path = LoadingViewController.swift; sourceTree = "<group>"; };
		19CEA858201F7BF7000D4985 /* UIViewController+Child.swift */ = {isa = PBXFileReference; lastKnownFileType = sourcecode.swift; path = "UIViewController+Child.swift"; sourceTree = "<group>"; };
		19DB53E2201087FC00CE6915 /* SwiftHelp.app */ = {isa = PBXFileReference; explicitFileType = wrapper.application; includeInIndex = 0; path = SwiftHelp.app; sourceTree = BUILT_PRODUCTS_DIR; };
		19DB53E5201087FC00CE6915 /* AppDelegate.swift */ = {isa = PBXFileReference; lastKnownFileType = sourcecode.swift; path = AppDelegate.swift; sourceTree = "<group>"; };
		19DB53EC201087FC00CE6915 /* Assets.xcassets */ = {isa = PBXFileReference; lastKnownFileType = folder.assetcatalog; path = Assets.xcassets; sourceTree = "<group>"; };
		19DB53EF201087FC00CE6915 /* Base */ = {isa = PBXFileReference; lastKnownFileType = file.storyboard; name = Base; path = Base.lproj/LaunchScreen.storyboard; sourceTree = "<group>"; };
		19DB53F1201087FC00CE6915 /* Info.plist */ = {isa = PBXFileReference; lastKnownFileType = text.plist.xml; path = Info.plist; sourceTree = "<group>"; };
		19DB53F82010971F00CE6915 /* PermanentMarker-Regular.ttf */ = {isa = PBXFileReference; lastKnownFileType = file; path = "PermanentMarker-Regular.ttf"; sourceTree = "<group>"; };
		5A48A0ED3CFF525E463FE0F8 /* Pods-SwiftHelp.release.xcconfig */ = {isa = PBXFileReference; includeInIndex = 1; lastKnownFileType = text.xcconfig; name = "Pods-SwiftHelp.release.xcconfig"; path = "Pods/Target Support Files/Pods-SwiftHelp/Pods-SwiftHelp.release.xcconfig"; sourceTree = "<group>"; };
		C917CDA233DADB6908343BFE /* Pods_SwiftHelp.framework */ = {isa = PBXFileReference; explicitFileType = wrapper.framework; includeInIndex = 0; path = Pods_SwiftHelp.framework; sourceTree = BUILT_PRODUCTS_DIR; };
		F094E85C201FEFE40055D9D1 /* ViewAnimator.swift */ = {isa = PBXFileReference; lastKnownFileType = sourcecode.swift; path = ViewAnimator.swift; sourceTree = "<group>"; };
		F094E85E201FF9FB0055D9D1 /* ViewMask.swift */ = {isa = PBXFileReference; lastKnownFileType = sourcecode.swift; path = ViewMask.swift; sourceTree = "<group>"; };
/* End PBXFileReference section */

/* Begin PBXFrameworksBuildPhase section */
		19DB53DF201087FC00CE6915 /* Frameworks */ = {
			isa = PBXFrameworksBuildPhase;
			buildActionMask = 2147483647;
			files = (
				D188B2C6A2F22F2FC19FE507 /* Pods_SwiftHelp.framework in Frameworks */,
			);
			runOnlyForDeploymentPostprocessing = 0;
		};
/* End PBXFrameworksBuildPhase section */

/* Begin PBXGroup section */
		08627FE0B91E091EC14FAB54 /* Frameworks */ = {
			isa = PBXGroup;
			children = (
				C917CDA233DADB6908343BFE /* Pods_SwiftHelp.framework */,
			);
			name = Frameworks;
			sourceTree = "<group>";
		};
		19CA61A22019E54C0041A88E /* TableCells */ = {
			isa = PBXGroup;
			children = (
				19CA61A32019E57E0041A88E /* ChatUserCell.swift */,
				19CA61A42019E57E0041A88E /* ChatUserCell.xib */,
			);
			path = TableCells;
			sourceTree = "<group>";
		};
		19CCE8822019299A00497584 /* Views */ = {
			isa = PBXGroup;
			children = (
				19CA61A22019E54C0041A88E /* TableCells */,
				19CCE88E2019341700497584 /* RoundView.swift */,
				19CCE890201935D500497584 /* RoundTextField.swift */,
				19CA61A02019E29C0041A88E /* TransparentSearchBar.swift */,
				19CA61AD2019EC820041A88E /* RoundImageView.swift */,
			);
			path = Views;
			sourceTree = "<group>";
		};
		19CCE883201929A200497584 /* Models */ = {
			isa = PBXGroup;
			children = (
				19CA61B3201A086A0041A88E /* ChatUser.swift */,
			);
			path = Models;
			sourceTree = "<group>";
		};
		19CCE884201929A800497584 /* Extensions */ = {
			isa = PBXGroup;
			children = (
				19CCE897201946AC00497584 /* UIViewController+Alert.swift */,
				19CA61A92019E7740041A88E /* ReusableView.swift */,
				19CA61B1201A06B50041A88E /* UIImage+Resize.swift */,
				19CA61B9201A372F0041A88E /* UIViewController+Navigation.swift */,
				19CEA858201F7BF7000D4985 /* UIViewController+Child.swift */,
			);
			path = Extensions;
			sourceTree = "<group>";
		};
		19CCE885201929AE00497584 /* Services */ = {
			isa = PBXGroup;
			children = (
				19CCE89220193B7100497584 /* AuthService.swift */,
				19CCE8992019D73000497584 /* DataService.swift */,
			);
			path = Services;
			sourceTree = "<group>";
		};
		19CCE88A20192CD900497584 /* Storyboards */ = {
			isa = PBXGroup;
			children = (
				19DB53EE201087FC00CE6915 /* LaunchScreen.storyboard */,
				19CCE88820192C5C00497584 /* ChatStoryboard.storyboard */,
			);
			path = Storyboards;
			sourceTree = "<group>";
		};
		19CCE88B2019307100497584 /* Chat */ = {
			isa = PBXGroup;
			children = (
				19CCE88C2019308D00497584 /* ChatLoginVC.swift */,
				19CCE89420193D1C00497584 /* ChatHomeVC.swift */,
				19CA61B5201A0DD80041A88E /* ChatRegisterVC.swift */,
				194A589F2031BD6F00BB3F20 /* ChatSendVC.swift */,
			);
			path = Chat;
			sourceTree = "<group>";
		};
		19CCE8962019467C00497584 /* Helpers */ = {
			isa = PBXGroup;
			children = (
				19CA61B7201A205B0041A88E /* FirebaseDataParser.swift */,
				F094E85C201FEFE40055D9D1 /* ViewAnimator.swift */,
				F094E85E201FF9FB0055D9D1 /* ViewMask.swift */,
				194A58A12031C83000BB3F20 /* FileHelper.swift */,
			);
			path = Helpers;
			sourceTree = "<group>";
		};
		19CEA85A201F7C91000D4985 /* Common */ = {
			isa = PBXGroup;
			children = (
				19CEA856201F7B8F000D4985 /* LoadingViewController.swift */,
			);
			path = Common;
			sourceTree = "<group>";
		};
		19DB53D9201087FC00CE6915 = {
			isa = PBXGroup;
			children = (
				19DB53E4201087FC00CE6915 /* SwiftHelp */,
				19DB53E3201087FC00CE6915 /* Products */,
				748CF36901ADCE31F659A775 /* Pods */,
				08627FE0B91E091EC14FAB54 /* Frameworks */,
			);
			sourceTree = "<group>";
		};
		19DB53E3201087FC00CE6915 /* Products */ = {
			isa = PBXGroup;
			children = (
				19DB53E2201087FC00CE6915 /* SwiftHelp.app */,
			);
			name = Products;
			sourceTree = "<group>";
		};
		19DB53E4201087FC00CE6915 /* SwiftHelp */ = {
			isa = PBXGroup;
			children = (
				19CCE88A20192CD900497584 /* Storyboards */,
				19CCE885201929AE00497584 /* Services */,
				19CCE8962019467C00497584 /* Helpers */,
				19CCE884201929A800497584 /* Extensions */,
				19CCE883201929A200497584 /* Models */,
				19CCE8822019299A00497584 /* Views */,
				19DB53F72010971100CE6915 /* Resources */,
				19DB53FC2010A29800CE6915 /* ViewControllers */,
				19DB53E5201087FC00CE6915 /* AppDelegate.swift */,
				19DB53EC201087FC00CE6915 /* Assets.xcassets */,
				19DB53F1201087FC00CE6915 /* Info.plist */,
				19CCE88620192ACA00497584 /* GoogleService-Info.plist */,
			);
			path = SwiftHelp;
			sourceTree = "<group>";
		};
		19DB53F72010971100CE6915 /* Resources */ = {
			isa = PBXGroup;
			children = (
				19DB53F82010971F00CE6915 /* PermanentMarker-Regular.ttf */,
			);
			path = Resources;
			sourceTree = "<group>";
		};
		19DB53FC2010A29800CE6915 /* ViewControllers */ = {
			isa = PBXGroup;
			children = (
				19CEA85A201F7C91000D4985 /* Common */,
				19CCE88B2019307100497584 /* Chat */,
			);
			path = ViewControllers;
			sourceTree = "<group>";
		};
		748CF36901ADCE31F659A775 /* Pods */ = {
			isa = PBXGroup;
			children = (
				109695181D8770DB413B0C0E /* Pods-SwiftHelp.debug.xcconfig */,
				5A48A0ED3CFF525E463FE0F8 /* Pods-SwiftHelp.release.xcconfig */,
			);
			name = Pods;
			sourceTree = "<group>";
		};
/* End PBXGroup section */

/* Begin PBXNativeTarget section */
		19DB53E1201087FC00CE6915 /* SwiftHelp */ = {
			isa = PBXNativeTarget;
			buildConfigurationList = 19DB53F4201087FC00CE6915 /* Build configuration list for PBXNativeTarget "SwiftHelp" */;
			buildPhases = (
				41AC6A73327C3C1886DF4287 /* [CP] Check Pods Manifest.lock */,
				19DB53DE201087FC00CE6915 /* Sources */,
				19DB53DF201087FC00CE6915 /* Frameworks */,
				19DB53E0201087FC00CE6915 /* Resources */,
				93FAF7D90F725B9FB04DEF01 /* [CP] Embed Pods Frameworks */,
				17EE91EA5256222ADF399506 /* [CP] Copy Pods Resources */,
			);
			buildRules = (
			);
			dependencies = (
			);
			name = SwiftHelp;
			productName = SwiftHelp;
			productReference = 19DB53E2201087FC00CE6915 /* SwiftHelp.app */;
			productType = "com.apple.product-type.application";
		};
/* End PBXNativeTarget section */

/* Begin PBXProject section */
		19DB53DA201087FC00CE6915 /* Project object */ = {
			isa = PBXProject;
			attributes = {
				LastSwiftUpdateCheck = 0920;
				LastUpgradeCheck = 0920;
				ORGANIZATIONNAME = Radi;
				TargetAttributes = {
					19DB53E1201087FC00CE6915 = {
						CreatedOnToolsVersion = 9.2;
						ProvisioningStyle = Automatic;
					};
				};
			};
			buildConfigurationList = 19DB53DD201087FC00CE6915 /* Build configuration list for PBXProject "SwiftHelp" */;
			compatibilityVersion = "Xcode 8.0";
			developmentRegion = en;
			hasScannedForEncodings = 0;
			knownRegions = (
				en,
				Base,
			);
			mainGroup = 19DB53D9201087FC00CE6915;
			productRefGroup = 19DB53E3201087FC00CE6915 /* Products */;
			projectDirPath = "";
			projectRoot = "";
			targets = (
				19DB53E1201087FC00CE6915 /* SwiftHelp */,
			);
		};
/* End PBXProject section */

/* Begin PBXResourcesBuildPhase section */
		19DB53E0201087FC00CE6915 /* Resources */ = {
			isa = PBXResourcesBuildPhase;
			buildActionMask = 2147483647;
			files = (
				19DB53F0201087FC00CE6915 /* LaunchScreen.storyboard in Resources */,
				19CCE88920192C5C00497584 /* ChatStoryboard.storyboard in Resources */,
				19DB53ED201087FC00CE6915 /* Assets.xcassets in Resources */,
				19CA61A62019E57E0041A88E /* ChatUserCell.xib in Resources */,
				19CCE88720192ACA00497584 /* GoogleService-Info.plist in Resources */,
				19DB53F92010971F00CE6915 /* PermanentMarker-Regular.ttf in Resources */,
			);
			runOnlyForDeploymentPostprocessing = 0;
		};
/* End PBXResourcesBuildPhase section */

/* Begin PBXShellScriptBuildPhase section */
		17EE91EA5256222ADF399506 /* [CP] Copy Pods Resources */ = {
			isa = PBXShellScriptBuildPhase;
			buildActionMask = 2147483647;
			files = (
			);
			inputPaths = (
			);
			name = "[CP] Copy Pods Resources";
			outputPaths = (
			);
			runOnlyForDeploymentPostprocessing = 0;
			shellPath = /bin/sh;
			shellScript = "\"${SRCROOT}/Pods/Target Support Files/Pods-SwiftHelp/Pods-SwiftHelp-resources.sh\"\n";
			showEnvVarsInLog = 0;
		};
		41AC6A73327C3C1886DF4287 /* [CP] Check Pods Manifest.lock */ = {
			isa = PBXShellScriptBuildPhase;
			buildActionMask = 2147483647;
			files = (
			);
			inputPaths = (
				"${PODS_PODFILE_DIR_PATH}/Podfile.lock",
				"${PODS_ROOT}/Manifest.lock",
			);
			name = "[CP] Check Pods Manifest.lock";
			outputPaths = (
				"$(DERIVED_FILE_DIR)/Pods-SwiftHelp-checkManifestLockResult.txt",
			);
			runOnlyForDeploymentPostprocessing = 0;
			shellPath = /bin/sh;
			shellScript = "diff \"${PODS_PODFILE_DIR_PATH}/Podfile.lock\" \"${PODS_ROOT}/Manifest.lock\" > /dev/null\nif [ $? != 0 ] ; then\n    # print error to STDERR\n    echo \"error: The sandbox is not in sync with the Podfile.lock. Run 'pod install' or update your CocoaPods installation.\" >&2\n    exit 1\nfi\n# This output is used by Xcode 'outputs' to avoid re-running this script phase.\necho \"SUCCESS\" > \"${SCRIPT_OUTPUT_FILE_0}\"\n";
			showEnvVarsInLog = 0;
		};
		93FAF7D90F725B9FB04DEF01 /* [CP] Embed Pods Frameworks */ = {
			isa = PBXShellScriptBuildPhase;
			buildActionMask = 2147483647;
			files = (
			);
			inputPaths = (
				"${SRCROOT}/Pods/Target Support Files/Pods-SwiftHelp/Pods-SwiftHelp-frameworks.sh",
				"${BUILT_PRODUCTS_DIR}/GTMSessionFetcher/GTMSessionFetcher.framework",
				"${BUILT_PRODUCTS_DIR}/GoogleToolboxForMac/GoogleToolboxForMac.framework",
				"${BUILT_PRODUCTS_DIR}/leveldb-library/leveldb.framework",
				"${BUILT_PRODUCTS_DIR}/nanopb/nanopb.framework",
			);
			name = "[CP] Embed Pods Frameworks";
			outputPaths = (
				"${TARGET_BUILD_DIR}/${FRAMEWORKS_FOLDER_PATH}/GTMSessionFetcher.framework",
				"${TARGET_BUILD_DIR}/${FRAMEWORKS_FOLDER_PATH}/GoogleToolboxForMac.framework",
				"${TARGET_BUILD_DIR}/${FRAMEWORKS_FOLDER_PATH}/leveldb.framework",
				"${TARGET_BUILD_DIR}/${FRAMEWORKS_FOLDER_PATH}/nanopb.framework",
			);
			runOnlyForDeploymentPostprocessing = 0;
			shellPath = /bin/sh;
			shellScript = "\"${SRCROOT}/Pods/Target Support Files/Pods-SwiftHelp/Pods-SwiftHelp-frameworks.sh\"\n";
			showEnvVarsInLog = 0;
		};
/* End PBXShellScriptBuildPhase section */

/* Begin PBXSourcesBuildPhase section */
		19DB53DE201087FC00CE6915 /* Sources */ = {
			isa = PBXSourcesBuildPhase;
			buildActionMask = 2147483647;
			files = (
				19CA61A52019E57E0041A88E /* ChatUserCell.swift in Sources */,
				19CCE88F2019341700497584 /* RoundView.swift in Sources */,
				19CA61B4201A086A0041A88E /* ChatUser.swift in Sources */,
				19CA61B8201A205B0041A88E /* FirebaseDataParser.swift in Sources */,
				19CA61B6201A0DD80041A88E /* ChatRegisterVC.swift in Sources */,
				19CCE891201935D500497584 /* RoundTextField.swift in Sources */,
				19CA61AE2019EC820041A88E /* RoundImageView.swift in Sources */,
				19CA61AA2019E7740041A88E /* ReusableView.swift in Sources */,
				F094E85F201FF9FB0055D9D1 /* ViewMask.swift in Sources */,
				19CCE89A2019D73000497584 /* DataService.swift in Sources */,
				194A58A02031BD6F00BB3F20 /* ChatSendVC.swift in Sources */,
				19CCE898201946AC00497584 /* UIViewController+Alert.swift in Sources */,
				19DB53E6201087FC00CE6915 /* AppDelegate.swift in Sources */,
				19CEA857201F7B8F000D4985 /* LoadingViewController.swift in Sources */,
				F094E85D201FEFE40055D9D1 /* ViewAnimator.swift in Sources */,
				19CCE89520193D1C00497584 /* ChatHomeVC.swift in Sources */,
				19CCE88D2019308D00497584 /* ChatLoginVC.swift in Sources */,
				19CA61BA201A372F0041A88E /* UIViewController+Navigation.swift in Sources */,
				19CA61B2201A06B60041A88E /* UIImage+Resize.swift in Sources */,
				194A58A22031C83000BB3F20 /* FileHelper.swift in Sources */,
				19CEA859201F7BF7000D4985 /* UIViewController+Child.swift in Sources */,
				19CA61A12019E29C0041A88E /* TransparentSearchBar.swift in Sources */,
				19CCE89320193B7100497584 /* AuthService.swift in Sources */,
			);
			runOnlyForDeploymentPostprocessing = 0;
		};
/* End PBXSourcesBuildPhase section */

/* Begin PBXVariantGroup section */
		19DB53EE201087FC00CE6915 /* LaunchScreen.storyboard */ = {
			isa = PBXVariantGroup;
			children = (
				19DB53EF201087FC00CE6915 /* Base */,
			);
			name = LaunchScreen.storyboard;
			sourceTree = "<group>";
		};
/* End PBXVariantGroup section */

/* Begin XCBuildConfiguration section */
		19DB53F2201087FC00CE6915 /* Debug */ = {
			isa = XCBuildConfiguration;
			buildSettings = {
				ALWAYS_SEARCH_USER_PATHS = NO;
				CLANG_ANALYZER_NONNULL = YES;
				CLANG_ANALYZER_NUMBER_OBJECT_CONVERSION = YES_AGGRESSIVE;
				CLANG_CXX_LANGUAGE_STANDARD = "gnu++14";
				CLANG_CXX_LIBRARY = "libc++";
				CLANG_ENABLE_MODULES = YES;
				CLANG_ENABLE_OBJC_ARC = YES;
				CLANG_WARN_BLOCK_CAPTURE_AUTORELEASING = YES;
				CLANG_WARN_BOOL_CONVERSION = YES;
				CLANG_WARN_COMMA = YES;
				CLANG_WARN_CONSTANT_CONVERSION = YES;
				CLANG_WARN_DIRECT_OBJC_ISA_USAGE = YES_ERROR;
				CLANG_WARN_DOCUMENTATION_COMMENTS = YES;
				CLANG_WARN_EMPTY_BODY = YES;
				CLANG_WARN_ENUM_CONVERSION = YES;
				CLANG_WARN_INFINITE_RECURSION = YES;
				CLANG_WARN_INT_CONVERSION = YES;
				CLANG_WARN_NON_LITERAL_NULL_CONVERSION = YES;
				CLANG_WARN_OBJC_LITERAL_CONVERSION = YES;
				CLANG_WARN_OBJC_ROOT_CLASS = YES_ERROR;
				CLANG_WARN_RANGE_LOOP_ANALYSIS = YES;
				CLANG_WARN_STRICT_PROTOTYPES = YES;
				CLANG_WARN_SUSPICIOUS_MOVE = YES;
				CLANG_WARN_UNGUARDED_AVAILABILITY = YES_AGGRESSIVE;
				CLANG_WARN_UNREACHABLE_CODE = YES;
				CLANG_WARN__DUPLICATE_METHOD_MATCH = YES;
				CODE_SIGN_IDENTITY = "iPhone Developer";
				COPY_PHASE_STRIP = NO;
				DEBUG_INFORMATION_FORMAT = dwarf;
				ENABLE_STRICT_OBJC_MSGSEND = YES;
				ENABLE_TESTABILITY = YES;
				GCC_C_LANGUAGE_STANDARD = gnu11;
				GCC_DYNAMIC_NO_PIC = NO;
				GCC_NO_COMMON_BLOCKS = YES;
				GCC_OPTIMIZATION_LEVEL = 0;
				GCC_PREPROCESSOR_DEFINITIONS = (
					"DEBUG=1",
					"$(inherited)",
				);
				GCC_WARN_64_TO_32_BIT_CONVERSION = YES;
				GCC_WARN_ABOUT_RETURN_TYPE = YES_ERROR;
				GCC_WARN_UNDECLARED_SELECTOR = YES;
				GCC_WARN_UNINITIALIZED_AUTOS = YES_AGGRESSIVE;
				GCC_WARN_UNUSED_FUNCTION = YES;
				GCC_WARN_UNUSED_VARIABLE = YES;
				IPHONEOS_DEPLOYMENT_TARGET = 11.2;
				MTL_ENABLE_DEBUG_INFO = YES;
				ONLY_ACTIVE_ARCH = YES;
				SDKROOT = iphoneos;
				SWIFT_ACTIVE_COMPILATION_CONDITIONS = DEBUG;
				SWIFT_OPTIMIZATION_LEVEL = "-Onone";
			};
			name = Debug;
		};
		19DB53F3201087FC00CE6915 /* Release */ = {
			isa = XCBuildConfiguration;
			buildSettings = {
				ALWAYS_SEARCH_USER_PATHS = NO;
				CLANG_ANALYZER_NONNULL = YES;
				CLANG_ANALYZER_NUMBER_OBJECT_CONVERSION = YES_AGGRESSIVE;
				CLANG_CXX_LANGUAGE_STANDARD = "gnu++14";
				CLANG_CXX_LIBRARY = "libc++";
				CLANG_ENABLE_MODULES = YES;
				CLANG_ENABLE_OBJC_ARC = YES;
				CLANG_WARN_BLOCK_CAPTURE_AUTORELEASING = YES;
				CLANG_WARN_BOOL_CONVERSION = YES;
				CLANG_WARN_COMMA = YES;
				CLANG_WARN_CONSTANT_CONVERSION = YES;
				CLANG_WARN_DIRECT_OBJC_ISA_USAGE = YES_ERROR;
				CLANG_WARN_DOCUMENTATION_COMMENTS = YES;
				CLANG_WARN_EMPTY_BODY = YES;
				CLANG_WARN_ENUM_CONVERSION = YES;
				CLANG_WARN_INFINITE_RECURSION = YES;
				CLANG_WARN_INT_CONVERSION = YES;
				CLANG_WARN_NON_LITERAL_NULL_CONVERSION = YES;
				CLANG_WARN_OBJC_LITERAL_CONVERSION = YES;
				CLANG_WARN_OBJC_ROOT_CLASS = YES_ERROR;
				CLANG_WARN_RANGE_LOOP_ANALYSIS = YES;
				CLANG_WARN_STRICT_PROTOTYPES = YES;
				CLANG_WARN_SUSPICIOUS_MOVE = YES;
				CLANG_WARN_UNGUARDED_AVAILABILITY = YES_AGGRESSIVE;
				CLANG_WARN_UNREACHABLE_CODE = YES;
				CLANG_WARN__DUPLICATE_METHOD_MATCH = YES;
				CODE_SIGN_IDENTITY = "iPhone Developer";
				COPY_PHASE_STRIP = NO;
				DEBUG_INFORMATION_FORMAT = "dwarf-with-dsym";
				ENABLE_NS_ASSERTIONS = NO;
				ENABLE_STRICT_OBJC_MSGSEND = YES;
				GCC_C_LANGUAGE_STANDARD = gnu11;
				GCC_NO_COMMON_BLOCKS = YES;
				GCC_WARN_64_TO_32_BIT_CONVERSION = YES;
				GCC_WARN_ABOUT_RETURN_TYPE = YES_ERROR;
				GCC_WARN_UNDECLARED_SELECTOR = YES;
				GCC_WARN_UNINITIALIZED_AUTOS = YES_AGGRESSIVE;
				GCC_WARN_UNUSED_FUNCTION = YES;
				GCC_WARN_UNUSED_VARIABLE = YES;
				IPHONEOS_DEPLOYMENT_TARGET = 11.2;
				MTL_ENABLE_DEBUG_INFO = NO;
				SDKROOT = iphoneos;
				SWIFT_OPTIMIZATION_LEVEL = "-Owholemodule";
				VALIDATE_PRODUCT = YES;
			};
			name = Release;
		};
		19DB53F5201087FC00CE6915 /* Debug */ = {
			isa = XCBuildConfiguration;
			baseConfigurationReference = 109695181D8770DB413B0C0E /* Pods-SwiftHelp.debug.xcconfig */;
			buildSettings = {
				ASSETCATALOG_COMPILER_APPICON_NAME = AppIcon;
				CODE_SIGN_STYLE = Automatic;
				DEVELOPMENT_TEAM = P4JVA28GY3;
				INFOPLIST_FILE = SwiftHelp/Info.plist;
				IPHONEOS_DEPLOYMENT_TARGET = 10.0;
				LD_RUNPATH_SEARCH_PATHS = "$(inherited) @executable_path/Frameworks";
				PRODUCT_BUNDLE_IDENTIFIER = com.oryx.testapp;
				PRODUCT_NAME = "$(TARGET_NAME)";
				SWIFT_VERSION = 4.0;
				TARGETED_DEVICE_FAMILY = "1,2";
			};
			name = Debug;
		};
		19DB53F6201087FC00CE6915 /* Release */ = {
			isa = XCBuildConfiguration;
			baseConfigurationReference = 5A48A0ED3CFF525E463FE0F8 /* Pods-SwiftHelp.release.xcconfig */;
			buildSettings = {
				ASSETCATALOG_COMPILER_APPICON_NAME = AppIcon;
				CODE_SIGN_STYLE = Automatic;
				DEVELOPMENT_TEAM = P4JVA28GY3;
				INFOPLIST_FILE = SwiftHelp/Info.plist;
				IPHONEOS_DEPLOYMENT_TARGET = 10.0;
				LD_RUNPATH_SEARCH_PATHS = "$(inherited) @executable_path/Frameworks";
				PRODUCT_BUNDLE_IDENTIFIER = com.oryx.testapp;
				PRODUCT_NAME = "$(TARGET_NAME)";
				SWIFT_VERSION = 4.0;
				TARGETED_DEVICE_FAMILY = "1,2";
			};
			name = Release;
		};
/* End XCBuildConfiguration section */

/* Begin XCConfigurationList section */
		19DB53DD201087FC00CE6915 /* Build configuration list for PBXProject "SwiftHelp" */ = {
			isa = XCConfigurationList;
			buildConfigurations = (
				19DB53F2201087FC00CE6915 /* Debug */,
				19DB53F3201087FC00CE6915 /* Release */,
			);
			defaultConfigurationIsVisible = 0;
			defaultConfigurationName = Release;
		};
		19DB53F4201087FC00CE6915 /* Build configuration list for PBXNativeTarget "SwiftHelp" */ = {
			isa = XCConfigurationList;
			buildConfigurations = (
				19DB53F5201087FC00CE6915 /* Debug */,
				19DB53F6201087FC00CE6915 /* Release */,
			);
			defaultConfigurationIsVisible = 0;
			defaultConfigurationName = Release;
		};
/* End XCConfigurationList section */
	};
	rootObject = 19DB53DA201087FC00CE6915 /* Project object */;
}
